<?xml version="1.0" encoding="utf-8"?>
<Project ToolsVersion="4.0" xmlns="http://schemas.microsoft.com/developer/msbuild/2003">
  <ItemGroup>
    <Filter Include="Source Files">
      <UniqueIdentifier>{4FC737F1-C7A5-4376-A066-2A32D752A2FF}</UniqueIdentifier>
      <Extensions>cpp;c;cc;cxx;def;odl;idl;hpj;bat;asm;asmx</Extensions>
    </Filter>
    <Filter Include="Header Files">
      <UniqueIdentifier>{93995380-89BD-4b04-88EB-625FBE52EBFB}</UniqueIdentifier>
      <Extensions>h;hh;hpp;hxx;hm;inl;inc;ipp;xsd</Extensions>
    </Filter>
    <Filter Include="Resource Files">
      <UniqueIdentifier>{67DA6AB6-F800-4c08-8B7A-83BB121AAD01}</UniqueIdentifier>
      <Extensions>rc;ico;cur;bmp;dlg;rc2;rct;bin;rgs;gif;jpg;jpeg;jpe;resx;tiff;tif;png;wav;mfcribbon-ms</Extensions>
    </Filter>
    <Filter Include="Source Files\Charges">
      <UniqueIdentifier>{5c885d62-65b2-48e0-bde6-c7a2a840572c}</UniqueIdentifier>
    </Filter>
    <Filter Include="Source Files\Charges\Common">
      <UniqueIdentifier>{7d04b7d2-cda0-4bcd-a2c7-89c9c011f88c}</UniqueIdentifier>
    </Filter>
    <Filter Include="Source Files\Charges\Uncommon">
      <UniqueIdentifier>{901a4d66-5d34-473d-9700-a202d058d3d9}</UniqueIdentifier>
    </Filter>
    <Filter Include="Source Files\Enemies">
      <UniqueIdentifier>{00188b2b-b33e-4218-a9aa-4f8f2581643b}</UniqueIdentifier>
    </Filter>
    <Filter Include="Source Files\Screens">
      <UniqueIdentifier>{89f36c0d-c46c-4c26-8ed4-cbb9460e6553}</UniqueIdentifier>
    </Filter>
    <Filter Include="Header Files\Charges">
      <UniqueIdentifier>{bf89631c-a022-42aa-9411-308ddb758a47}</UniqueIdentifier>
    </Filter>
    <Filter Include="Header Files\Screens">
      <UniqueIdentifier>{b51574d3-cd3e-4f44-a232-da419cb0edfe}</UniqueIdentifier>
    </Filter>
    <Filter Include="Header Files\Enemies">
      <UniqueIdentifier>{6d749c65-ca04-4ab3-94b3-6c008ed8026f}</UniqueIdentifier>
    </Filter>
    <Filter Include="Source Files\Shoptions">
      <UniqueIdentifier>{7d2514a5-9288-446c-afa0-155bb5e3e575}</UniqueIdentifier>
    </Filter>
    <Filter Include="Resource Files\Textures">
      <UniqueIdentifier>{3c737d19-91f4-4037-bee5-5ea4af6baafd}</UniqueIdentifier>
    </Filter>
    <Filter Include="Resource Files\Textures\charges">
      <UniqueIdentifier>{4b0ef81e-5547-49bb-abea-b8430988ab8f}</UniqueIdentifier>
    </Filter>
    <Filter Include="Resource Files\Textures\combat">
      <UniqueIdentifier>{0d37ddcc-fd0d-4de3-9544-8c35b4c8a99f}</UniqueIdentifier>
    </Filter>
    <Filter Include="Resource Files\Textures\general">
      <UniqueIdentifier>{8778cd91-4a4d-4992-b420-1e02bcc7281a}</UniqueIdentifier>
    </Filter>
    <Filter Include="Resource Files\Textures\rewards">
      <UniqueIdentifier>{a161b603-b5c5-475d-991a-241d3d5e0157}</UniqueIdentifier>
    </Filter>
    <Filter Include="Resource Files\Textures\shaders">
      <UniqueIdentifier>{ba12d0cb-7bb2-4922-82e9-30ea02266766}</UniqueIdentifier>
    </Filter>
    <Filter Include="Resource Files\Textures\stageSelect">
      <UniqueIdentifier>{7d305ba4-daf2-47ab-8f0b-8f69f14bd90c}</UniqueIdentifier>
    </Filter>
    <Filter Include="Resource Files\Textures\titleScreen">
      <UniqueIdentifier>{1f25d962-a504-4472-a9e8-307927656c87}</UniqueIdentifier>
    </Filter>
    <Filter Include="Source Files\Buttons">
      <UniqueIdentifier>{489e53c4-9823-4994-909b-4b27f8471b1d}</UniqueIdentifier>
    </Filter>
  </ItemGroup>
  <ItemGroup>
    <ClCompile Include="main.cpp">
      <Filter>Source Files</Filter>
    </ClCompile>
    <ClCompile Include="Player.cpp">
      <Filter>Source Files</Filter>
    </ClCompile>
    <ClCompile Include="Ship.cpp">
      <Filter>Source Files</Filter>
    </ClCompile>
    <ClCompile Include="Gun.cpp">
      <Filter>Source Files</Filter>
    </ClCompile>
    <ClCompile Include="Tile.cpp">
      <Filter>Source Files</Filter>
    </ClCompile>
    <ClCompile Include="enums.h">
      <Filter>Header Files</Filter>
    </ClCompile>
    <ClCompile Include="Shield.cpp">
      <Filter>Source Files</Filter>
    </ClCompile>
    <ClCompile Include="BasicCharge.cpp">
      <Filter>Source Files\Charges\Common</Filter>
    </ClCompile>
    <ClCompile Include="BasicShield.cpp">
      <Filter>Source Files\Charges\Common</Filter>
    </ClCompile>
    <ClCompile Include="EasyBomb.cpp">
      <Filter>Source Files\Charges\Uncommon</Filter>
    </ClCompile>
    <ClCompile Include="WideShield.cpp">
      <Filter>Source Files\Charges\Uncommon</Filter>
    </ClCompile>
    <ClCompile Include="StageType.cpp">
      <Filter>Source Files</Filter>
    </ClCompile>
    <ClCompile Include="Dummy.cpp">
      <Filter>Source Files\Enemies</Filter>
    </ClCompile>
    <ClCompile Include="Enemy.cpp">
      <Filter>Source Files\Enemies</Filter>
    </ClCompile>
    <ClCompile Include="Charge.cpp">
      <Filter>Source Files\Charges</Filter>
    </ClCompile>
    <ClCompile Include="ChargeFactory.cpp">
      <Filter>Source Files\Charges</Filter>
    </ClCompile>
    <ClCompile Include="Combat.cpp">
      <Filter>Source Files\Screens</Filter>
    </ClCompile>
    <ClCompile Include="RewardScreen.cpp">
      <Filter>Source Files\Screens</Filter>
    </ClCompile>
    <ClCompile Include="StagePath.cpp">
      <Filter>Source Files\Screens</Filter>
    </ClCompile>
    <ClCompile Include="TitleScreen.cpp">
      <Filter>Source Files\Screens</Filter>
    </ClCompile>
    <ClCompile Include="Encounter.cpp">
      <Filter>Source Files</Filter>
    </ClCompile>
    <ClCompile Include="EnemyFactory.cpp">
      <Filter>Source Files</Filter>
    </ClCompile>
    <ClCompile Include="ShopScreen.cpp">
      <Filter>Source Files\Screens</Filter>
    </ClCompile>
    <ClCompile Include="Shoption.cpp">
      <Filter>Source Files\Shoptions</Filter>
    </ClCompile>
    <ClCompile Include="ShoptionCharge.cpp">
      <Filter>Source Files\Shoptions</Filter>
    </ClCompile>
    <ClCompile Include="ShoptionBonus.cpp">
      <Filter>Source Files\Shoptions</Filter>
    </ClCompile>
    <ClCompile Include="Button.cpp">
      <Filter>Source Files\Buttons</Filter>
    </ClCompile>
    <ClCompile Include="EndTurnButton.cpp">
      <Filter>Source Files\Buttons</Filter>
    </ClCompile>
    <ClCompile Include="StartGameButton.cpp">
      <Filter>Source Files\Buttons</Filter>
    </ClCompile>
    <ClCompile Include="ExitButton.cpp">
      <Filter>Source Files\Buttons</Filter>
    </ClCompile>
    <ClCompile Include="values.cpp">
      <Filter>Source Files</Filter>
    </ClCompile>
  </ItemGroup>
  <ItemGroup>
    <ClInclude Include="Player.h">
      <Filter>Header Files</Filter>
    </ClInclude>
    <ClInclude Include="Ship.h">
      <Filter>Header Files</Filter>
    </ClInclude>
    <ClInclude Include="Gun.h">
      <Filter>Header Files</Filter>
    </ClInclude>
    <ClInclude Include="Tile.h">
      <Filter>Header Files</Filter>
    </ClInclude>
    <ClInclude Include="values.h">
      <Filter>Header Files</Filter>
    </ClInclude>
    <ClInclude Include="Button.h">
      <Filter>Header Files</Filter>
    </ClInclude>
    <ClInclude Include="Shield.h">
      <Filter>Header Files</Filter>
    </ClInclude>
    <ClInclude Include="StageType.h">
      <Filter>Header Files</Filter>
    </ClInclude>
    <ClInclude Include="ChargeFactory.h">
      <Filter>Header Files\Charges</Filter>
    </ClInclude>
    <ClInclude Include="Charge.h">
      <Filter>Header Files\Charges</Filter>
    </ClInclude>
    <ClInclude Include="RewardScreen.h">
      <Filter>Header Files\Screens</Filter>
    </ClInclude>
    <ClInclude Include="Combat.h">
      <Filter>Header Files\Screens</Filter>
    </ClInclude>
    <ClInclude Include="StagePath.h">
      <Filter>Header Files\Screens</Filter>
    </ClInclude>
    <ClInclude Include="TitleScreen.h">
      <Filter>Header Files\Screens</Filter>
    </ClInclude>
    <ClInclude Include="Encounter.h">
      <Filter>Header Files</Filter>
    </ClInclude>
    <ClInclude Include="EnemyFactory.h">
      <Filter>Header Files\Enemies</Filter>
    </ClInclude>
    <ClInclude Include="Enemy.h">
      <Filter>Header Files\Enemies</Filter>
    </ClInclude>
    <ClInclude Include="ShopScreen.h">
      <Filter>Header Files\Screens</Filter>
    </ClInclude>
    <ClInclude Include="Shoption.h">
      <Filter>Header Files</Filter>
    </ClInclude>
  </ItemGroup>
  <ItemGroup>
    <Image Include="Textures\charges\basicCharge.png">
      <Filter>Resource Files\Textures\charges</Filter>
    </Image>
    <Image Include="Textures\charges\basicShield.png">
      <Filter>Resource Files\Textures\charges</Filter>
    </Image>
    <Image Include="Textures\charges\bombEffect.png">
      <Filter>Resource Files\Textures\charges</Filter>
    </Image>
    <Image Include="Textures\charges\chargeEffect.png">
      <Filter>Resource Files\Textures\charges</Filter>
    </Image>
    <Image Include="Textures\charges\easyBomb.png">
      <Filter>Resource Files\Textures\charges</Filter>
    </Image>
    <Image Include="Textures\charges\wideShield.png">
      <Filter>Resource Files\Textures\charges</Filter>
    </Image>
    <Image Include="Textures\combat\attack.png">
      <Filter>Resource Files\Textures\combat</Filter>
    </Image>
    <Image Include="Textures\combat\backGUI.png">
      <Filter>Resource Files\Textures\combat</Filter>
    </Image>
    <Image Include="Textures\combat\basicShot.png">
      <Filter>Resource Files\Textures\combat</Filter>
    </Image>
    <Image Include="Textures\combat\deck.png">
      <Filter>Resource Files\Textures\combat</Filter>
    </Image>
    <Image Include="Textures\combat\discard.png">
      <Filter>Resource Files\Textures\combat</Filter>
    </Image>
    <Image Include="Textures\combat\endTurn.png">
      <Filter>Resource Files\Textures\combat</Filter>
    </Image>
    <Image Include="Textures\combat\enemyA.png">
      <Filter>Resource Files\Textures\combat</Filter>
    </Image>
    <Image Include="Textures\combat\energy.png">
      <Filter>Resource Files\Textures\combat</Filter>
    </Image>
    <Image Include="Textures\combat\gunA.png">
      <Filter>Resource Files\Textures\combat</Filter>
    </Image>
    <Image Include="Textures\combat\health.png">
      <Filter>Resource Files\Textures\combat</Filter>
    </Image>
    <Image Include="Textures\combat\playerA.png">
      <Filter>Resource Files\Textures\combat</Filter>
    </Image>
    <Image Include="Textures\combat\shield.png">
      <Filter>Resource Files\Textures\combat</Filter>
    </Image>
    <Image Include="Textures\combat\tile.png">
      <Filter>Resource Files\Textures\combat</Filter>
    </Image>
    <Image Include="Textures\general\space.png">
      <Filter>Resource Files\Textures\general</Filter>
    </Image>
    <Image Include="Textures\rewards\rewardPrompt.png">
      <Filter>Resource Files\Textures\rewards</Filter>
    </Image>
    <Image Include="Textures\rewards\skip.png">
      <Filter>Resource Files\Textures\rewards</Filter>
    </Image>
    <Image Include="Textures\shaders\distortion.png">
      <Filter>Resource Files\Textures\shaders</Filter>
    </Image>
    <Image Include="Textures\stageSelect\boss.png">
      <Filter>Resource Files\Textures\stageSelect</Filter>
    </Image>
    <Image Include="Textures\stageSelect\combatEncounter.png">
      <Filter>Resource Files\Textures\stageSelect</Filter>
    </Image>
    <Image Include="Textures\stageSelect\shop.png">
      <Filter>Resource Files\Textures\stageSelect</Filter>
    </Image>
    <Image Include="Textures\stageSelect\treasure.png">
      <Filter>Resource Files\Textures\stageSelect</Filter>
    </Image>
    <Image Include="Textures\titleScreen\startGame.png">
      <Filter>Resource Files\Textures\titleScreen</Filter>
    </Image>
  </ItemGroup>
  <ItemGroup>
    <None Include="Textures\shaders\available.vert">
      <Filter>Resource Files\Textures\shaders</Filter>
    </None>
    <None Include="Textures\shaders\completed.vert">
      <Filter>Resource Files\Textures\shaders</Filter>
    </None>
    <None Include="Textures\shaders\distort.frag">
      <Filter>Resource Files\Textures\shaders</Filter>
    </None>
    <None Include="Textures\shaders\effectShade.vert">
      <Filter>Resource Files\Textures\shaders</Filter>
    </None>
    <None Include="Textures\shaders\mouseOver.vert">
      <Filter>Resource Files\Textures\shaders</Filter>
    </None>
    <None Include="Textures\shaders\unavailable.vert">
      <Filter>Resource Files\Textures\shaders</Filter>
    </None>
    <None Include="Textures\shaders\wavy.vert">
      <Filter>Resource Files\Textures\shaders</Filter>
    </None>
  </ItemGroup>
</Project>